// !$*UTF8*$!
{
	archiveVersion = 1;
	classes = {
	};
	objectVersion = 46;
	objects = {

/* Begin PBXBuildFile section */
		5D0B639F1F0A21BE003E3508 /* localizableStrings.swift in Sources */ = {isa = PBXBuildFile; fileRef = 5D0B639E1F0A21BE003E3508 /* localizableStrings.swift */; };
		5D0B63A41F0A5B62003E3508 /* Localizable.strings in Resources */ = {isa = PBXBuildFile; fileRef = 5D0B63A61F0A5B62003E3508 /* Localizable.strings */; };
		8F330F321F036B7100091056 /* EditBookController.swift in Sources */ = {isa = PBXBuildFile; fileRef = 8F330F311F036B7100091056 /* EditBookController.swift */; };
		8F330F341F03C80C00091056 /* AccountConfigController.swift in Sources */ = {isa = PBXBuildFile; fileRef = 8F330F331F03C80C00091056 /* AccountConfigController.swift */; };
		8F3D94A01F00A92600C06DA1 /* AppDelegate.swift in Sources */ = {isa = PBXBuildFile; fileRef = 8F3D949F1F00A92600C06DA1 /* AppDelegate.swift */; };
		8F3D94A21F00A92600C06DA1 /* TabBarController.swift in Sources */ = {isa = PBXBuildFile; fileRef = 8F3D94A11F00A92600C06DA1 /* TabBarController.swift */; };
		8F3D94A51F00A92600C06DA1 /* Main.storyboard in Resources */ = {isa = PBXBuildFile; fileRef = 8F3D94A31F00A92600C06DA1 /* Main.storyboard */; };
		8F3D94A81F00A92600C06DA1 /* TrainingApp.xcdatamodeld in Sources */ = {isa = PBXBuildFile; fileRef = 8F3D94A61F00A92600C06DA1 /* TrainingApp.xcdatamodeld */; };
		8F3D94AA1F00A92600C06DA1 /* Assets.xcassets in Resources */ = {isa = PBXBuildFile; fileRef = 8F3D94A91F00A92600C06DA1 /* Assets.xcassets */; };
		8F3D94AD1F00A92600C06DA1 /* LaunchScreen.storyboard in Resources */ = {isa = PBXBuildFile; fileRef = 8F3D94AB1F00A92600C06DA1 /* LaunchScreen.storyboard */; };
		8F3D94B61F00BAD900C06DA1 /* LoginController.swift in Sources */ = {isa = PBXBuildFile; fileRef = 8F3D94B51F00BAD900C06DA1 /* LoginController.swift */; };
		8F3D94B81F00F91500C06DA1 /* BookListController.swift in Sources */ = {isa = PBXBuildFile; fileRef = 8F3D94B71F00F91500C06DA1 /* BookListController.swift */; };
		8F3D94BA1F00F9C600C06DA1 /* ConfigurationController.swift in Sources */ = {isa = PBXBuildFile; fileRef = 8F3D94B91F00F9C600C06DA1 /* ConfigurationController.swift */; };
		8F3D94BE1F01E56F00C06DA1 /* BookCell.swift in Sources */ = {isa = PBXBuildFile; fileRef = 8F3D94BD1F01E56F00C06DA1 /* BookCell.swift */; };
		8F3D94C01F02398100C06DA1 /* AddBookController.swift in Sources */ = {isa = PBXBuildFile; fileRef = 8F3D94BF1F02398100C06DA1 /* AddBookController.swift */; };
		8FBA4D641F05D3B000F00B60 /* Util.swift in Sources */ = {isa = PBXBuildFile; fileRef = 8FBA4D631F05D3B000F00B60 /* Util.swift */; };
/* End PBXBuildFile section */

/* Begin PBXFileReference section */
		5D0B639E1F0A21BE003E3508 /* localizableStrings.swift */ = {isa = PBXFileReference; fileEncoding = 4; lastKnownFileType = sourcecode.swift; path = localizableStrings.swift; sourceTree = "<group>"; };
		5D0B63A01F0A598C003E3508 /* ja */ = {isa = PBXFileReference; lastKnownFileType = text.plist.strings; name = ja; path = ja.lproj/Main.strings; sourceTree = "<group>"; };
		5D0B63A11F0A598D003E3508 /* ja */ = {isa = PBXFileReference; lastKnownFileType = text.plist.strings; name = ja; path = ja.lproj/LaunchScreen.strings; sourceTree = "<group>"; };
		5D0B63A51F0A5B62003E3508 /* ja */ = {isa = PBXFileReference; lastKnownFileType = text.plist.strings; name = ja; path = ja.lproj/Localizable.strings; sourceTree = "<group>"; };
		5D0B63A71F0A5B65003E3508 /* Base */ = {isa = PBXFileReference; lastKnownFileType = text.plist.strings; name = Base; path = Base.lproj/Localizable.strings; sourceTree = "<group>"; };
		8F330F311F036B7100091056 /* EditBookController.swift */ = {isa = PBXFileReference; fileEncoding = 4; lastKnownFileType = sourcecode.swift; path = EditBookController.swift; sourceTree = "<group>"; };
		8F330F331F03C80C00091056 /* AccountConfigController.swift */ = {isa = PBXFileReference; fileEncoding = 4; lastKnownFileType = sourcecode.swift; path = AccountConfigController.swift; sourceTree = "<group>"; };
		8F3D949C1F00A92600C06DA1 /* TrainingApp.app */ = {isa = PBXFileReference; explicitFileType = wrapper.application; includeInIndex = 0; path = TrainingApp.app; sourceTree = BUILT_PRODUCTS_DIR; };
		8F3D949F1F00A92600C06DA1 /* AppDelegate.swift */ = {isa = PBXFileReference; lastKnownFileType = sourcecode.swift; path = AppDelegate.swift; sourceTree = "<group>"; };
		8F3D94A11F00A92600C06DA1 /* TabBarController.swift */ = {isa = PBXFileReference; lastKnownFileType = sourcecode.swift; path = TabBarController.swift; sourceTree = "<group>"; };
		8F3D94A41F00A92600C06DA1 /* Base */ = {isa = PBXFileReference; lastKnownFileType = file.storyboard; name = Base; path = Base.lproj/Main.storyboard; sourceTree = "<group>"; };
		8F3D94A71F00A92600C06DA1 /* TrainingApp.xcdatamodel */ = {isa = PBXFileReference; lastKnownFileType = wrapper.xcdatamodel; path = TrainingApp.xcdatamodel; sourceTree = "<group>"; };
		8F3D94A91F00A92600C06DA1 /* Assets.xcassets */ = {isa = PBXFileReference; lastKnownFileType = folder.assetcatalog; path = Assets.xcassets; sourceTree = "<group>"; };
		8F3D94AC1F00A92600C06DA1 /* Base */ = {isa = PBXFileReference; lastKnownFileType = file.storyboard; name = Base; path = Base.lproj/LaunchScreen.storyboard; sourceTree = "<group>"; };
		8F3D94AE1F00A92700C06DA1 /* Info.plist */ = {isa = PBXFileReference; lastKnownFileType = text.plist.xml; path = Info.plist; sourceTree = "<group>"; };
		8F3D94B51F00BAD900C06DA1 /* LoginController.swift */ = {isa = PBXFileReference; fileEncoding = 4; lastKnownFileType = sourcecode.swift; path = LoginController.swift; sourceTree = "<group>"; };
		8F3D94B71F00F91500C06DA1 /* BookListController.swift */ = {isa = PBXFileReference; fileEncoding = 4; lastKnownFileType = sourcecode.swift; path = BookListController.swift; sourceTree = "<group>"; };
		8F3D94B91F00F9C600C06DA1 /* ConfigurationController.swift */ = {isa = PBXFileReference; fileEncoding = 4; lastKnownFileType = sourcecode.swift; path = ConfigurationController.swift; sourceTree = "<group>"; };
		8F3D94BD1F01E56F00C06DA1 /* BookCell.swift */ = {isa = PBXFileReference; fileEncoding = 4; lastKnownFileType = sourcecode.swift; path = BookCell.swift; sourceTree = "<group>"; };
		8F3D94BF1F02398100C06DA1 /* AddBookController.swift */ = {isa = PBXFileReference; fileEncoding = 4; lastKnownFileType = sourcecode.swift; path = AddBookController.swift; sourceTree = "<group>"; };
		8FBA4D631F05D3B000F00B60 /* Util.swift */ = {isa = PBXFileReference; fileEncoding = 4; lastKnownFileType = sourcecode.swift; path = Util.swift; sourceTree = "<group>"; };
/* End PBXFileReference section */

/* Begin PBXFrameworksBuildPhase section */
		8F3D94991F00A92600C06DA1 /* Frameworks */ = {
			isa = PBXFrameworksBuildPhase;
			buildActionMask = 2147483647;
			files = (
			);
			runOnlyForDeploymentPostprocessing = 0;
		};
/* End PBXFrameworksBuildPhase section */

/* Begin PBXGroup section */
		8F3D94931F00A92600C06DA1 = {
			isa = PBXGroup;
			children = (
				8F3D949E1F00A92600C06DA1 /* TrainingApp */,
				8F3D949D1F00A92600C06DA1 /* Products */,
			);
			sourceTree = "<group>";
		};
		8F3D949D1F00A92600C06DA1 /* Products */ = {
			isa = PBXGroup;
			children = (
				8F3D949C1F00A92600C06DA1 /* TrainingApp.app */,
			);
			name = Products;
			sourceTree = "<group>";
		};
		8F3D949E1F00A92600C06DA1 /* TrainingApp */ = {
			isa = PBXGroup;
			children = (
				8FBA4D621F05D36F00F00B60 /* Utils */,
				8F3D94BC1F01E54000C06DA1 /* View */,
				8F3D94BB1F00F9CD00C06DA1 /* Controller */,
				8F3D949F1F00A92600C06DA1 /* AppDelegate.swift */,
				8F3D94A31F00A92600C06DA1 /* Main.storyboard */,
				8F3D94A91F00A92600C06DA1 /* Assets.xcassets */,
				8F3D94AB1F00A92600C06DA1 /* LaunchScreen.storyboard */,
				8F3D94AE1F00A92700C06DA1 /* Info.plist */,
				8F3D94A61F00A92600C06DA1 /* TrainingApp.xcdatamodeld */,
				5D0B63A61F0A5B62003E3508 /* Localizable.strings */,
			);
			path = TrainingApp;
			sourceTree = "<group>";
		};
		8F3D94BB1F00F9CD00C06DA1 /* Controller */ = {
			isa = PBXGroup;
			children = (
				8F3D94B51F00BAD900C06DA1 /* LoginController.swift */,
				8F3D94A11F00A92600C06DA1 /* TabBarController.swift */,
				8F3D94B71F00F91500C06DA1 /* BookListController.swift */,
				8F3D94B91F00F9C600C06DA1 /* ConfigurationController.swift */,
				8F3D94BF1F02398100C06DA1 /* AddBookController.swift */,
				8F330F311F036B7100091056 /* EditBookController.swift */,
				8F330F331F03C80C00091056 /* AccountConfigController.swift */,
			);
			name = Controller;
			sourceTree = "<group>";
		};
		8F3D94BC1F01E54000C06DA1 /* View */ = {
			isa = PBXGroup;
			children = (
				8F3D94BD1F01E56F00C06DA1 /* BookCell.swift */,
			);
			name = View;
			sourceTree = "<group>";
		};
		8FBA4D621F05D36F00F00B60 /* Utils */ = {
			isa = PBXGroup;
			children = (
				8FBA4D631F05D3B000F00B60 /* Util.swift */,
				5D0B639E1F0A21BE003E3508 /* localizableStrings.swift */,
			);
			name = Utils;
			sourceTree = "<group>";
		};
/* End PBXGroup section */

/* Begin PBXNativeTarget section */
		8F3D949B1F00A92600C06DA1 /* TrainingApp */ = {
			isa = PBXNativeTarget;
			buildConfigurationList = 8F3D94B11F00A92700C06DA1 /* Build configuration list for PBXNativeTarget "TrainingApp" */;
			buildPhases = (
				8F3D94981F00A92600C06DA1 /* Sources */,
				8F3D94991F00A92600C06DA1 /* Frameworks */,
				8F3D949A1F00A92600C06DA1 /* Resources */,
				8F3D94B41F00B54E00C06DA1 /* ShellScript */,
			);
			buildRules = (
			);
			dependencies = (
			);
			name = TrainingApp;
			productName = TrainingApp;
			productReference = 8F3D949C1F00A92600C06DA1 /* TrainingApp.app */;
			productType = "com.apple.product-type.application";
		};
/* End PBXNativeTarget section */

/* Begin PBXProject section */
		8F3D94941F00A92600C06DA1 /* Project object */ = {
			isa = PBXProject;
			attributes = {
				LastSwiftUpdateCheck = 0830;
				LastUpgradeCheck = 0830;
				ORGANIZATIONNAME = "櫻井寛海";
				TargetAttributes = {
					8F3D949B1F00A92600C06DA1 = {
						CreatedOnToolsVersion = 8.3.3;
						DevelopmentTeam = U588CZ456W;
						ProvisioningStyle = Automatic;
					};
				};
			};
			buildConfigurationList = 8F3D94971F00A92600C06DA1 /* Build configuration list for PBXProject "TrainingApp" */;
			compatibilityVersion = "Xcode 3.2";
			developmentRegion = English;
			hasScannedForEncodings = 0;
			knownRegions = (
				en,
				Base,
			);
			mainGroup = 8F3D94931F00A92600C06DA1;
			productRefGroup = 8F3D949D1F00A92600C06DA1 /* Products */;
			projectDirPath = "";
			projectRoot = "";
			targets = (
				8F3D949B1F00A92600C06DA1 /* TrainingApp */,
			);
		};
/* End PBXProject section */

/* Begin PBXResourcesBuildPhase section */
		8F3D949A1F00A92600C06DA1 /* Resources */ = {
			isa = PBXResourcesBuildPhase;
			buildActionMask = 2147483647;
			files = (
				8F3D94AD1F00A92600C06DA1 /* LaunchScreen.storyboard in Resources */,
				5D0B63A41F0A5B62003E3508 /* Localizable.strings in Resources */,
				8F3D94AA1F00A92600C06DA1 /* Assets.xcassets in Resources */,
				8F3D94A51F00A92600C06DA1 /* Main.storyboard in Resources */,
			);
			runOnlyForDeploymentPostprocessing = 0;
		};
/* End PBXResourcesBuildPhase section */

/* Begin PBXShellScriptBuildPhase section */
		8F3D94B41F00B54E00C06DA1 /* ShellScript */ = {
			isa = PBXShellScriptBuildPhase;
			buildActionMask = 2147483647;
			files = (
			);
			inputPaths = (
			);
			outputPaths = (
			);
			runOnlyForDeploymentPostprocessing = 0;
			shellPath = /bin/sh;
			shellScript = "if which swiftlint >/dev/null; then\nswiftlint\nelse\necho \"SwiftLint does not exist, download from https://github.com/realm/SwiftLint\"\nfi";
		};
/* End PBXShellScriptBuildPhase section */

/* Begin PBXSourcesBuildPhase section */
		8F3D94981F00A92600C06DA1 /* Sources */ = {
			isa = PBXSourcesBuildPhase;
			buildActionMask = 2147483647;
			files = (
				8F3D94BA1F00F9C600C06DA1 /* ConfigurationController.swift in Sources */,
				8F3D94A21F00A92600C06DA1 /* TabBarController.swift in Sources */,
				8FBA4D641F05D3B000F00B60 /* Util.swift in Sources */,
				5D0B639F1F0A21BE003E3508 /* localizableStrings.swift in Sources */,
				8F3D94C01F02398100C06DA1 /* AddBookController.swift in Sources */,
				8F3D94B61F00BAD900C06DA1 /* LoginController.swift in Sources */,
				8F3D94BE1F01E56F00C06DA1 /* BookCell.swift in Sources */,
				8F330F341F03C80C00091056 /* AccountConfigController.swift in Sources */,
				8F3D94B81F00F91500C06DA1 /* BookListController.swift in Sources */,
				8F3D94A81F00A92600C06DA1 /* TrainingApp.xcdatamodeld in Sources */,
				8F330F321F036B7100091056 /* EditBookController.swift in Sources */,
				8F3D94A01F00A92600C06DA1 /* AppDelegate.swift in Sources */,
			);
			runOnlyForDeploymentPostprocessing = 0;
		};
/* End PBXSourcesBuildPhase section */

/* Begin PBXVariantGroup section */
		5D0B63A61F0A5B62003E3508 /* Localizable.strings */ = {
			isa = PBXVariantGroup;
			children = (
				5D0B63A51F0A5B62003E3508 /* ja */,
				5D0B63A71F0A5B65003E3508 /* Base */,
			);
			name = Localizable.strings;
			sourceTree = "<group>";
		};
		8F3D94A31F00A92600C06DA1 /* Main.storyboard */ = {
			isa = PBXVariantGroup;
			children = (
				8F3D94A41F00A92600C06DA1 /* Base */,
				5D0B63A01F0A598C003E3508 /* ja */,
			);
			name = Main.storyboard;
			sourceTree = "<group>";
		};
		8F3D94AB1F00A92600C06DA1 /* LaunchScreen.storyboard */ = {
			isa = PBXVariantGroup;
			children = (
				8F3D94AC1F00A92600C06DA1 /* Base */,
				5D0B63A11F0A598D003E3508 /* ja */,
			);
			name = LaunchScreen.storyboard;
			sourceTree = "<group>";
		};
/* End PBXVariantGroup section */

/* Begin XCBuildConfiguration section */
		8F3D94AF1F00A92700C06DA1 /* Debug */ = {
			isa = XCBuildConfiguration;
			buildSettings = {
				ALWAYS_SEARCH_USER_PATHS = NO;
				CLANG_ANALYZER_LOCALIZABILITY_NONLOCALIZED = YES;
				CLANG_ANALYZER_NONNULL = YES;
				CLANG_ANALYZER_NUMBER_OBJECT_CONVERSION = YES_AGGRESSIVE;
				CLANG_CXX_LANGUAGE_STANDARD = "gnu++0x";
				CLANG_CXX_LIBRARY = "libc++";
				CLANG_ENABLE_MODULES = YES;
				CLANG_ENABLE_OBJC_ARC = YES;
				CLANG_WARN_BOOL_CONVERSION = YES;
				CLANG_WARN_CONSTANT_CONVERSION = YES;
				CLANG_WARN_DIRECT_OBJC_ISA_USAGE = YES_ERROR;
				CLANG_WARN_DOCUMENTATION_COMMENTS = YES;
				CLANG_WARN_EMPTY_BODY = YES;
				CLANG_WARN_ENUM_CONVERSION = YES;
				CLANG_WARN_INFINITE_RECURSION = YES;
				CLANG_WARN_INT_CONVERSION = YES;
				CLANG_WARN_OBJC_ROOT_CLASS = YES_ERROR;
				CLANG_WARN_SUSPICIOUS_MOVE = YES;
				CLANG_WARN_UNREACHABLE_CODE = YES;
				CLANG_WARN__DUPLICATE_METHOD_MATCH = YES;
				"CODE_SIGN_IDENTITY[sdk=iphoneos*]" = "iPhone Developer";
				COPY_PHASE_STRIP = NO;
				DEBUG_INFORMATION_FORMAT = dwarf;
				ENABLE_STRICT_OBJC_MSGSEND = YES;
				ENABLE_TESTABILITY = YES;
				GCC_C_LANGUAGE_STANDARD = gnu99;
				GCC_DYNAMIC_NO_PIC = NO;
				GCC_NO_COMMON_BLOCKS = YES;
				GCC_OPTIMIZATION_LEVEL = 0;
				GCC_PREPROCESSOR_DEFINITIONS = (
					"DEBUG=1",
					"$(inherited)",
				);
				GCC_WARN_64_TO_32_BIT_CONVERSION = YES;
				GCC_WARN_ABOUT_RETURN_TYPE = YES_ERROR;
				GCC_WARN_UNDECLARED_SELECTOR = YES;
				GCC_WARN_UNINITIALIZED_AUTOS = YES_AGGRESSIVE;
				GCC_WARN_UNUSED_FUNCTION = YES;
				GCC_WARN_UNUSED_VARIABLE = YES;
				IPHONEOS_DEPLOYMENT_TARGET = 10.3;
				MTL_ENABLE_DEBUG_INFO = YES;
				ONLY_ACTIVE_ARCH = YES;
				SDKROOT = iphoneos;
				SWIFT_ACTIVE_COMPILATION_CONDITIONS = DEBUG;
				SWIFT_OPTIMIZATION_LEVEL = "-Onone";
			};
			name = Debug;
		};
		8F3D94B01F00A92700C06DA1 /* Release */ = {
			isa = XCBuildConfiguration;
			buildSettings = {
				ALWAYS_SEARCH_USER_PATHS = NO;
				CLANG_ANALYZER_LOCALIZABILITY_NONLOCALIZED = YES;
				CLANG_ANALYZER_NONNULL = YES;
				CLANG_ANALYZER_NUMBER_OBJECT_CONVERSION = YES_AGGRESSIVE;
				CLANG_CXX_LANGUAGE_STANDARD = "gnu++0x";
				CLANG_CXX_LIBRARY = "libc++";
				CLANG_ENABLE_MODULES = YES;
				CLANG_ENABLE_OBJC_ARC = YES;
				CLANG_WARN_BOOL_CONVERSION = YES;
				CLANG_WARN_CONSTANT_CONVERSION = YES;
				CLANG_WARN_DIRECT_OBJC_ISA_USAGE = YES_ERROR;
				CLANG_WARN_DOCUMENTATION_COMMENTS = YES;
				CLANG_WARN_EMPTY_BODY = YES;
				CLANG_WARN_ENUM_CONVERSION = YES;
				CLANG_WARN_INFINITE_RECURSION = YES;
				CLANG_WARN_INT_CONVERSION = YES;
				CLANG_WARN_OBJC_ROOT_CLASS = YES_ERROR;
				CLANG_WARN_SUSPICIOUS_MOVE = YES;
				CLANG_WARN_UNREACHABLE_CODE = YES;
				CLANG_WARN__DUPLICATE_METHOD_MATCH = YES;
				"CODE_SIGN_IDENTITY[sdk=iphoneos*]" = "iPhone Developer";
				COPY_PHASE_STRIP = NO;
				DEBUG_INFORMATION_FORMAT = "dwarf-with-dsym";
				ENABLE_NS_ASSERTIONS = NO;
				ENABLE_STRICT_OBJC_MSGSEND = YES;
				GCC_C_LANGUAGE_STANDARD = gnu99;
				GCC_NO_COMMON_BLOCKS = YES;
				GCC_WARN_64_TO_32_BIT_CONVERSION = YES;
				GCC_WARN_ABOUT_RETURN_TYPE = YES_ERROR;
				GCC_WARN_UNDECLARED_SELECTOR = YES;
				GCC_WARN_UNINITIALIZED_AUTOS = YES_AGGRESSIVE;
				GCC_WARN_UNUSED_FUNCTION = YES;
				GCC_WARN_UNUSED_VARIABLE = YES;
				IPHONEOS_DEPLOYMENT_TARGET = 10.3;
				MTL_ENABLE_DEBUG_INFO = NO;
				SDKROOT = iphoneos;
				SWIFT_OPTIMIZATION_LEVEL = "-Owholemodule";
				VALIDATE_PRODUCT = YES;
			};
			name = Release;
		};
		8F3D94B21F00A92700C06DA1 /* Debug */ = {
			isa = XCBuildConfiguration;
			buildSettings = {
				ASSETCATALOG_COMPILER_APPICON_NAME = AppIcon;
				DEVELOPMENT_TEAM = U588CZ456W;
				INFOPLIST_FILE = TrainingApp/Info.plist;
				LD_RUNPATH_SEARCH_PATHS = "$(inherited) @executable_path/Frameworks";
				PRODUCT_BUNDLE_IDENTIFIER = com.hiromi.TrainingApp;
				PRODUCT_NAME = "$(TARGET_NAME)";
				SWIFT_VERSION = 3.0;
			};
			name = Debug;
		};
		8F3D94B31F00A92700C06DA1 /* Release */ = {
			isa = XCBuildConfiguration;
			buildSettings = {
				ASSETCATALOG_COMPILER_APPICON_NAME = AppIcon;
				DEVELOPMENT_TEAM = U588CZ456W;
				INFOPLIST_FILE = TrainingApp/Info.plist;
				LD_RUNPATH_SEARCH_PATHS = "$(inherited) @executable_path/Frameworks";
				PRODUCT_BUNDLE_IDENTIFIER = com.hiromi.TrainingApp;
				PRODUCT_NAME = "$(TARGET_NAME)";
				SWIFT_VERSION = 3.0;
			};
			name = Release;
		};
/* End XCBuildConfiguration section */

/* Begin XCConfigurationList section */
		8F3D94971F00A92600C06DA1 /* Build configuration list for PBXProject "TrainingApp" */ = {
			isa = XCConfigurationList;
			buildConfigurations = (
				8F3D94AF1F00A92700C06DA1 /* Debug */,
				8F3D94B01F00A92700C06DA1 /* Release */,
			);
			defaultConfigurationIsVisible = 0;
			defaultConfigurationName = Release;
		};
		8F3D94B11F00A92700C06DA1 /* Build configuration list for PBXNativeTarget "TrainingApp" */ = {
			isa = XCConfigurationList;
			buildConfigurations = (
				8F3D94B21F00A92700C06DA1 /* Debug */,
				8F3D94B31F00A92700C06DA1 /* Release */,
			);
			defaultConfigurationIsVisible = 0;
			defaultConfigurationName = Release;
		};
/* End XCConfigurationList section */

/* Begin XCVersionGroup section */
		8F3D94A61F00A92600C06DA1 /* TrainingApp.xcdatamodeld */ = {
			isa = XCVersionGroup;
			children = (
				8F3D94A71F00A92600C06DA1 /* TrainingApp.xcdatamodel */,
			);
			currentVersion = 8F3D94A71F00A92600C06DA1 /* TrainingApp.xcdatamodel */;
			path = TrainingApp.xcdatamodeld;
			sourceTree = "<group>";
			versionGroupType = wrapper.xcdatamodel;
		};
/* End XCVersionGroup section */
	};
	rootObject = 8F3D94941F00A92600C06DA1 /* Project object */;
}
